
Microsoft Visual Studio Solution File, Format Version 12.00
# Visual Studio 14
VisualStudioVersion = 14.0.22310.1
MinimumVisualStudioVersion = 10.0.40219.1
Project("{2150E333-8FDC-42A3-9474-1A3956D46DE8}") = "Engine", "Engine", "{18C8EEAF-86D1-4CE4-9990-E8E0EAC551C0}"
EndProject
Project("{2150E333-8FDC-42A3-9474-1A3956D46DE8}") = "Games", "Games", "{888493D6-3FBB-4D0A-B43E-A8B36625E6C4}"
EndProject
Project("{8BC9CEB8-8B4A-11D0-8D11-00A0C91BC942}") = "UE4", "Intermediate\ProjectFiles\UE4.vcxproj", "{78F04009-5EFE-4C8E-930F-FCFD55D05D50}"
EndProject
Project("{8BC9CEB8-8B4A-11D0-8D11-00A0C91BC942}") = "StoryGraph", "Intermediate\ProjectFiles\StoryGraph.vcxproj", "{CAF126E4-869F-4886-B51B-B2E4CBEEACC9}"
EndProject
Global
	GlobalSection(SolutionConfigurationPlatforms) = preSolution
		DebugGame Editor|Win32 = DebugGame Editor|Win32
		DebugGame Editor|Win64 = DebugGame Editor|Win64
		DebugGame|Win32 = DebugGame|Win32
		DebugGame|Win64 = DebugGame|Win64
		Development Editor|Win32 = Development Editor|Win32
		Development Editor|Win64 = Development Editor|Win64
		Development|Win32 = Development|Win32
		Development|Win64 = Development|Win64
		Shipping|Win32 = Shipping|Win32
		Shipping|Win64 = Shipping|Win64
	EndGlobalSection
	GlobalSection(ProjectConfigurationPlatforms) = postSolution
		{CAF126E4-869F-4886-B51B-B2E4CBEEACC9}.DebugGame Editor|Win32.ActiveCfg = DebugGame_Editor|Win32
		{CAF126E4-869F-4886-B51B-B2E4CBEEACC9}.DebugGame Editor|Win64.ActiveCfg = DebugGame_Editor|x64
		{CAF126E4-869F-4886-B51B-B2E4CBEEACC9}.DebugGame Editor|Win64.Build.0 = DebugGame_Editor|x64
		{CAF126E4-869F-4886-B51B-B2E4CBEEACC9}.DebugGame|Win32.ActiveCfg = DebugGame_Game|Win32
		{CAF126E4-869F-4886-B51B-B2E4CBEEACC9}.DebugGame|Win32.Build.0 = DebugGame_Game|Win32
		{CAF126E4-869F-4886-B51B-B2E4CBEEACC9}.DebugGame|Win64.ActiveCfg = DebugGame_Game|x64
		{CAF126E4-869F-4886-B51B-B2E4CBEEACC9}.DebugGame|Win64.Build.0 = DebugGame_Game|x64
		{CAF126E4-869F-4886-B51B-B2E4CBEEACC9}.Development Editor|Win32.ActiveCfg = Development_Editor|Win32
		{CAF126E4-869F-4886-B51B-B2E4CBEEACC9}.Development Editor|Win64.ActiveCfg = Development_Editor|x64
		{CAF126E4-869F-4886-B51B-B2E4CBEEACC9}.Development Editor|Win64.Build.0 = Development_Editor|x64
		{CAF126E4-869F-4886-B51B-B2E4CBEEACC9}.Development|Win32.ActiveCfg = Development_Game|Win32
		{CAF126E4-869F-4886-B51B-B2E4CBEEACC9}.Development|Win32.Build.0 = Development_Game|Win32
		{CAF126E4-869F-4886-B51B-B2E4CBEEACC9}.Development|Win64.ActiveCfg = Development_Game|x64
		{CAF126E4-869F-4886-B51B-B2E4CBEEACC9}.Development|Win64.Build.0 = Development_Game|x64
		{CAF126E4-869F-4886-B51B-B2E4CBEEACC9}.Shipping|Win32.ActiveCfg = Shipping_Game|Win32
		{CAF126E4-869F-4886-B51B-B2E4CBEEACC9}.Shipping|Win32.Build.0 = Shipping_Game|Win32
		{CAF126E4-869F-4886-B51B-B2E4CBEEACC9}.Shipping|Win64.ActiveCfg = Shipping_Game|x64
		{CAF126E4-869F-4886-B51B-B2E4CBEEACC9}.Shipping|Win64.Build.0 = Shipping_Game|x64
	EndGlobalSection
	GlobalSection(SolutionProperties) = preSolution
		HideSolutionNode = FALSE
	EndGlobalSection
	GlobalSection(NestedProjects) = preSolution
		{78F04009-5EFE-4C8E-930F-FCFD55D05D50} = {18C8EEAF-86D1-4CE4-9990-E8E0EAC551C0}
		{CAF126E4-869F-4886-B51B-B2E4CBEEACC9} = {888493D6-3FBB-4D0A-B43E-A8B36625E6C4}
	EndGlobalSection
EndGlobal
