
Microsoft Visual Studio Solution File, Format Version 12.00
# Visual Studio 14
VisualStudioVersion = 14.0.22310.1
MinimumVisualStudioVersion = 10.0.40219.1
Project("{2150E333-8FDC-42A3-9474-1A3956D46DE8}") = "Engine", "Engine", "{10A2CC5C-D85F-4BDB-A295-F17ECD822394}"
EndProject
Project("{2150E333-8FDC-42A3-9474-1A3956D46DE8}") = "Games", "Games", "{07DDD1B7-BB7E-4A8B-90F1-19193CCFCC3C}"
EndProject
Project("{8BC9CEB8-8B4A-11D0-8D11-00A0C91BC942}") = "UE4", "Intermediate\ProjectFiles\UE4.vcxproj", "{76DDF953-179F-4877-A2BD-BEA96F1497B9}"
EndProject
Project("{8BC9CEB8-8B4A-11D0-8D11-00A0C91BC942}") = "StoryGraph", "Intermediate\ProjectFiles\StoryGraph.vcxproj", "{613DB268-5565-418A-817F-210CA79C5411}"
EndProject
Global
	GlobalSection(SolutionConfigurationPlatforms) = preSolution
		DebugGame Editor|Win32 = DebugGame Editor|Win32
		DebugGame Editor|Win64 = DebugGame Editor|Win64
		DebugGame|Win32 = DebugGame|Win32
		DebugGame|Win64 = DebugGame|Win64
		Development Editor|Win32 = Development Editor|Win32
		Development Editor|Win64 = Development Editor|Win64
		Development|Win32 = Development|Win32
		Development|Win64 = Development|Win64
		Shipping|Win32 = Shipping|Win32
		Shipping|Win64 = Shipping|Win64
	EndGlobalSection
	GlobalSection(ProjectConfigurationPlatforms) = postSolution
		{613DB268-5565-418A-817F-210CA79C5411}.DebugGame Editor|Win32.ActiveCfg = DebugGame_Editor|Win32
		{613DB268-5565-418A-817F-210CA79C5411}.DebugGame Editor|Win64.ActiveCfg = DebugGame_Editor|x64
		{613DB268-5565-418A-817F-210CA79C5411}.DebugGame Editor|Win64.Build.0 = DebugGame_Editor|x64
		{613DB268-5565-418A-817F-210CA79C5411}.DebugGame|Win32.ActiveCfg = DebugGame_Game|Win32
		{613DB268-5565-418A-817F-210CA79C5411}.DebugGame|Win32.Build.0 = DebugGame_Game|Win32
		{613DB268-5565-418A-817F-210CA79C5411}.DebugGame|Win64.ActiveCfg = DebugGame_Game|x64
		{613DB268-5565-418A-817F-210CA79C5411}.DebugGame|Win64.Build.0 = DebugGame_Game|x64
		{613DB268-5565-418A-817F-210CA79C5411}.Development Editor|Win32.ActiveCfg = Development_Editor|Win32
		{613DB268-5565-418A-817F-210CA79C5411}.Development Editor|Win64.ActiveCfg = Development_Editor|x64
		{613DB268-5565-418A-817F-210CA79C5411}.Development Editor|Win64.Build.0 = Development_Editor|x64
		{613DB268-5565-418A-817F-210CA79C5411}.Development|Win32.ActiveCfg = Development_Game|Win32
		{613DB268-5565-418A-817F-210CA79C5411}.Development|Win32.Build.0 = Development_Game|Win32
		{613DB268-5565-418A-817F-210CA79C5411}.Development|Win64.ActiveCfg = Development_Game|x64
		{613DB268-5565-418A-817F-210CA79C5411}.Development|Win64.Build.0 = Development_Game|x64
		{613DB268-5565-418A-817F-210CA79C5411}.Shipping|Win32.ActiveCfg = Shipping_Game|Win32
		{613DB268-5565-418A-817F-210CA79C5411}.Shipping|Win32.Build.0 = Shipping_Game|Win32
		{613DB268-5565-418A-817F-210CA79C5411}.Shipping|Win64.ActiveCfg = Shipping_Game|x64
		{613DB268-5565-418A-817F-210CA79C5411}.Shipping|Win64.Build.0 = Shipping_Game|x64
	EndGlobalSection
	GlobalSection(SolutionProperties) = preSolution
		HideSolutionNode = FALSE
	EndGlobalSection
	GlobalSection(NestedProjects) = preSolution
		{76DDF953-179F-4877-A2BD-BEA96F1497B9} = {10A2CC5C-D85F-4BDB-A295-F17ECD822394}
		{613DB268-5565-418A-817F-210CA79C5411} = {07DDD1B7-BB7E-4A8B-90F1-19193CCFCC3C}
	EndGlobalSection
EndGlobal
